// !$*UTF8*$!
{
	archiveVersion = 1;
	classes = {
	};
	objectVersion = 46;
	objects = {

/* Begin PBXBuildFile section */
		5E4DC5C71B29A58A0081EDE0 /* UIActionSheet+Block.m in Sources */ = {isa = PBXBuildFile; fileRef = 5E4DC5C41B29A58A0081EDE0 /* UIActionSheet+Block.m */; };
		5E4DC5C81B29A58A0081EDE0 /* UIAlertView+Block.m in Sources */ = {isa = PBXBuildFile; fileRef = 5E4DC5C61B29A58A0081EDE0 /* UIAlertView+Block.m */; };
		5EEAD1E21B27480700B440A7 /* main.m in Sources */ = {isa = PBXBuildFile; fileRef = 5EEAD1E11B27480700B440A7 /* main.m */; };
		5EEAD1E51B27480700B440A7 /* AppDelegate.m in Sources */ = {isa = PBXBuildFile; fileRef = 5EEAD1E41B27480700B440A7 /* AppDelegate.m */; };
		5EEAD1E81B27480700B440A7 /* ViewController.m in Sources */ = {isa = PBXBuildFile; fileRef = 5EEAD1E71B27480700B440A7 /* ViewController.m */; };
		5EEAD1EB1B27480700B440A7 /* Main.storyboard in Resources */ = {isa = PBXBuildFile; fileRef = 5EEAD1E91B27480700B440A7 /* Main.storyboard */; };
		5EEAD1ED1B27480700B440A7 /* Images.xcassets in Resources */ = {isa = PBXBuildFile; fileRef = 5EEAD1EC1B27480700B440A7 /* Images.xcassets */; };
		5EEAD1F01B27480700B440A7 /* LaunchScreen.xib in Resources */ = {isa = PBXBuildFile; fileRef = 5EEAD1EE1B27480700B440A7 /* LaunchScreen.xib */; };
		5EEAD1FC1B27480700B440A7 /* AlertAndSheetTests.m in Sources */ = {isa = PBXBuildFile; fileRef = 5EEAD1FB1B27480700B440A7 /* AlertAndSheetTests.m */; };
		5EEAD2071B27489C00B440A7 /* CustomViewController.m in Sources */ = {isa = PBXBuildFile; fileRef = 5EEAD2061B27489C00B440A7 /* CustomViewController.m */; };
/* End PBXBuildFile section */

/* Begin PBXContainerItemProxy section */
		5EEAD1F61B27480700B440A7 /* PBXContainerItemProxy */ = {
			isa = PBXContainerItemProxy;
			containerPortal = 5EEAD1D41B27480700B440A7 /* Project object */;
			proxyType = 1;
			remoteGlobalIDString = 5EEAD1DB1B27480700B440A7;
			remoteInfo = AlertAndSheet;
		};
/* End PBXContainerItemProxy section */

/* Begin PBXFileReference section */
		5E4DC5C31B29A58A0081EDE0 /* UIActionSheet+Block.h */ = {isa = PBXFileReference; fileEncoding = 4; lastKnownFileType = sourcecode.c.h; path = "UIActionSheet+Block.h"; sourceTree = "<group>"; };
		5E4DC5C41B29A58A0081EDE0 /* UIActionSheet+Block.m */ = {isa = PBXFileReference; fileEncoding = 4; lastKnownFileType = sourcecode.c.objc; path = "UIActionSheet+Block.m"; sourceTree = "<group>"; };
		5E4DC5C51B29A58A0081EDE0 /* UIAlertView+Block.h */ = {isa = PBXFileReference; fileEncoding = 4; lastKnownFileType = sourcecode.c.h; path = "UIAlertView+Block.h"; sourceTree = "<group>"; };
		5E4DC5C61B29A58A0081EDE0 /* UIAlertView+Block.m */ = {isa = PBXFileReference; fileEncoding = 4; lastKnownFileType = sourcecode.c.objc; path = "UIAlertView+Block.m"; sourceTree = "<group>"; };
		5EEAD1DC1B27480700B440A7 /* AlertAndSheet.app */ = {isa = PBXFileReference; explicitFileType = wrapper.application; includeInIndex = 0; path = AlertAndSheet.app; sourceTree = BUILT_PRODUCTS_DIR; };
		5EEAD1E01B27480700B440A7 /* Info.plist */ = {isa = PBXFileReference; lastKnownFileType = text.plist.xml; path = Info.plist; sourceTree = "<group>"; };
		5EEAD1E11B27480700B440A7 /* main.m */ = {isa = PBXFileReference; lastKnownFileType = sourcecode.c.objc; path = main.m; sourceTree = "<group>"; };
		5EEAD1E31B27480700B440A7 /* AppDelegate.h */ = {isa = PBXFileReference; lastKnownFileType = sourcecode.c.h; path = AppDelegate.h; sourceTree = "<group>"; };
		5EEAD1E41B27480700B440A7 /* AppDelegate.m */ = {isa = PBXFileReference; lastKnownFileType = sourcecode.c.objc; path = AppDelegate.m; sourceTree = "<group>"; };
		5EEAD1E61B27480700B440A7 /* ViewController.h */ = {isa = PBXFileReference; lastKnownFileType = sourcecode.c.h; path = ViewController.h; sourceTree = "<group>"; };
		5EEAD1E71B27480700B440A7 /* ViewController.m */ = {isa = PBXFileReference; lastKnownFileType = sourcecode.c.objc; path = ViewController.m; sourceTree = "<group>"; };
		5EEAD1EA1B27480700B440A7 /* Base */ = {isa = PBXFileReference; lastKnownFileType = file.storyboard; name = Base; path = Base.lproj/Main.storyboard; sourceTree = "<group>"; };
		5EEAD1EC1B27480700B440A7 /* Images.xcassets */ = {isa = PBXFileReference; lastKnownFileType = folder.assetcatalog; path = Images.xcassets; sourceTree = "<group>"; };
		5EEAD1EF1B27480700B440A7 /* Base */ = {isa = PBXFileReference; lastKnownFileType = file.xib; name = Base; path = Base.lproj/LaunchScreen.xib; sourceTree = "<group>"; };
		5EEAD1F51B27480700B440A7 /* AlertAndSheetTests.xctest */ = {isa = PBXFileReference; explicitFileType = wrapper.cfbundle; includeInIndex = 0; path = AlertAndSheetTests.xctest; sourceTree = BUILT_PRODUCTS_DIR; };
		5EEAD1FA1B27480700B440A7 /* Info.plist */ = {isa = PBXFileReference; lastKnownFileType = text.plist.xml; path = Info.plist; sourceTree = "<group>"; };
		5EEAD1FB1B27480700B440A7 /* AlertAndSheetTests.m */ = {isa = PBXFileReference; lastKnownFileType = sourcecode.c.objc; path = AlertAndSheetTests.m; sourceTree = "<group>"; };
		5EEAD2051B27489C00B440A7 /* CustomViewController.h */ = {isa = PBXFileReference; fileEncoding = 4; lastKnownFileType = sourcecode.c.h; path = CustomViewController.h; sourceTree = "<group>"; };
		5EEAD2061B27489C00B440A7 /* CustomViewController.m */ = {isa = PBXFileReference; fileEncoding = 4; lastKnownFileType = sourcecode.c.objc; path = CustomViewController.m; sourceTree = "<group>"; };
/* End PBXFileReference section */

/* Begin PBXFrameworksBuildPhase section */
		5EEAD1D91B27480700B440A7 /* Frameworks */ = {
			isa = PBXFrameworksBuildPhase;
			buildActionMask = 2147483647;
			files = (
			);
			runOnlyForDeploymentPostprocessing = 0;
		};
		5EEAD1F21B27480700B440A7 /* Frameworks */ = {
			isa = PBXFrameworksBuildPhase;
			buildActionMask = 2147483647;
			files = (
			);
			runOnlyForDeploymentPostprocessing = 0;
		};
/* End PBXFrameworksBuildPhase section */

/* Begin PBXGroup section */
		5E4DC5C21B29A58A0081EDE0 /* Classes */ = {
			isa = PBXGroup;
			children = (
				5E4DC5C31B29A58A0081EDE0 /* UIActionSheet+Block.h */,
				5E4DC5C41B29A58A0081EDE0 /* UIActionSheet+Block.m */,
				5E4DC5C51B29A58A0081EDE0 /* UIAlertView+Block.h */,
				5E4DC5C61B29A58A0081EDE0 /* UIAlertView+Block.m */,
			);
			path = Classes;
			sourceTree = "<group>";
		};
		5EEAD1D31B27480700B440A7 = {
			isa = PBXGroup;
			children = (
				5E4DC5C21B29A58A0081EDE0 /* Classes */,
				5EEAD1DE1B27480700B440A7 /* AlertAndSheet */,
				5EEAD1F81B27480700B440A7 /* AlertAndSheetTests */,
				5EEAD1DD1B27480700B440A7 /* Products */,
			);
			sourceTree = "<group>";
		};
		5EEAD1DD1B27480700B440A7 /* Products */ = {
			isa = PBXGroup;
			children = (
				5EEAD1DC1B27480700B440A7 /* AlertAndSheet.app */,
				5EEAD1F51B27480700B440A7 /* AlertAndSheetTests.xctest */,
			);
			name = Products;
			sourceTree = "<group>";
		};
		5EEAD1DE1B27480700B440A7 /* AlertAndSheet */ = {
			isa = PBXGroup;
			children = (
				5EEAD1E31B27480700B440A7 /* AppDelegate.h */,
				5EEAD1E41B27480700B440A7 /* AppDelegate.m */,
				5EEAD1E61B27480700B440A7 /* ViewController.h */,
				5EEAD1E71B27480700B440A7 /* ViewController.m */,
				5EEAD2051B27489C00B440A7 /* CustomViewController.h */,
				5EEAD2061B27489C00B440A7 /* CustomViewController.m */,
				5EEAD1E91B27480700B440A7 /* Main.storyboard */,
				5EEAD1EC1B27480700B440A7 /* Images.xcassets */,
				5EEAD1EE1B27480700B440A7 /* LaunchScreen.xib */,
				5EEAD1DF1B27480700B440A7 /* Supporting Files */,
			);
			path = AlertAndSheet;
			sourceTree = "<group>";
		};
		5EEAD1DF1B27480700B440A7 /* Supporting Files */ = {
			isa = PBXGroup;
			children = (
				5EEAD1E01B27480700B440A7 /* Info.plist */,
				5EEAD1E11B27480700B440A7 /* main.m */,
			);
			name = "Supporting Files";
			sourceTree = "<group>";
		};
		5EEAD1F81B27480700B440A7 /* AlertAndSheetTests */ = {
			isa = PBXGroup;
			children = (
				5EEAD1FB1B27480700B440A7 /* AlertAndSheetTests.m */,
				5EEAD1F91B27480700B440A7 /* Supporting Files */,
			);
			path = AlertAndSheetTests;
			sourceTree = "<group>";
		};
		5EEAD1F91B27480700B440A7 /* Supporting Files */ = {
			isa = PBXGroup;
			children = (
				5EEAD1FA1B27480700B440A7 /* Info.plist */,
			);
			name = "Supporting Files";
			sourceTree = "<group>";
		};
/* End PBXGroup section */

/* Begin PBXNativeTarget section */
		5EEAD1DB1B27480700B440A7 /* AlertAndSheet */ = {
			isa = PBXNativeTarget;
			buildConfigurationList = 5EEAD1FF1B27480700B440A7 /* Build configuration list for PBXNativeTarget "AlertAndSheet" */;
			buildPhases = (
				5EEAD1D81B27480700B440A7 /* Sources */,
				5EEAD1D91B27480700B440A7 /* Frameworks */,
				5EEAD1DA1B27480700B440A7 /* Resources */,
			);
			buildRules = (
			);
			dependencies = (
			);
			name = AlertAndSheet;
			productName = AlertAndSheet;
			productReference = 5EEAD1DC1B27480700B440A7 /* AlertAndSheet.app */;
			productType = "com.apple.product-type.application";
		};
		5EEAD1F41B27480700B440A7 /* AlertAndSheetTests */ = {
			isa = PBXNativeTarget;
			buildConfigurationList = 5EEAD2021B27480700B440A7 /* Build configuration list for PBXNativeTarget "AlertAndSheetTests" */;
			buildPhases = (
				5EEAD1F11B27480700B440A7 /* Sources */,
				5EEAD1F21B27480700B440A7 /* Frameworks */,
				5EEAD1F31B27480700B440A7 /* Resources */,
			);
			buildRules = (
			);
			dependencies = (
				5EEAD1F71B27480700B440A7 /* PBXTargetDependency */,
			);
			name = AlertAndSheetTests;
			productName = AlertAndSheetTests;
			productReference = 5EEAD1F51B27480700B440A7 /* AlertAndSheetTests.xctest */;
			productType = "com.apple.product-type.bundle.unit-test";
		};
/* End PBXNativeTarget section */

/* Begin PBXProject section */
		5EEAD1D41B27480700B440A7 /* Project object */ = {
			isa = PBXProject;
			attributes = {
				LastUpgradeCheck = 0630;
				ORGANIZATIONNAME = Keep;
				TargetAttributes = {
					5EEAD1DB1B27480700B440A7 = {
						CreatedOnToolsVersion = 6.3.2;
					};
					5EEAD1F41B27480700B440A7 = {
						CreatedOnToolsVersion = 6.3.2;
						TestTargetID = 5EEAD1DB1B27480700B440A7;
					};
				};
			};
			buildConfigurationList = 5EEAD1D71B27480700B440A7 /* Build configuration list for PBXProject "AlertAndSheet" */;
			compatibilityVersion = "Xcode 3.2";
			developmentRegion = English;
			hasScannedForEncodings = 0;
			knownRegions = (
				en,
				Base,
			);
			mainGroup = 5EEAD1D31B27480700B440A7;
			productRefGroup = 5EEAD1DD1B27480700B440A7 /* Products */;
			projectDirPath = "";
			projectRoot = "";
			targets = (
				5EEAD1DB1B27480700B440A7 /* AlertAndSheet */,
				5EEAD1F41B27480700B440A7 /* AlertAndSheetTests */,
			);
		};
/* End PBXProject section */

/* Begin PBXResourcesBuildPhase section */
		5EEAD1DA1B27480700B440A7 /* Resources */ = {
			isa = PBXResourcesBuildPhase;
			buildActionMask = 2147483647;
			files = (
				5EEAD1EB1B27480700B440A7 /* Main.storyboard in Resources */,
				5EEAD1F01B27480700B440A7 /* LaunchScreen.xib in Resources */,
				5EEAD1ED1B27480700B440A7 /* Images.xcassets in Resources */,
			);
			runOnlyForDeploymentPostprocessing = 0;
		};
		5EEAD1F31B27480700B440A7 /* Resources */ = {
			isa = PBXResourcesBuildPhase;
			buildActionMask = 2147483647;
			files = (
			);
			runOnlyForDeploymentPostprocessing = 0;
		};
/* End PBXResourcesBuildPhase section */

/* Begin PBXSourcesBuildPhase section */
		5EEAD1D81B27480700B440A7 /* Sources */ = {
			isa = PBXSourcesBuildPhase;
			buildActionMask = 2147483647;
			files = (
				5EEAD1E81B27480700B440A7 /* ViewController.m in Sources */,
				5EEAD1E51B27480700B440A7 /* AppDelegate.m in Sources */,
				5E4DC5C71B29A58A0081EDE0 /* UIActionSheet+Block.m in Sources */,
				5E4DC5C81B29A58A0081EDE0 /* UIAlertView+Block.m in Sources */,
				5EEAD1E21B27480700B440A7 /* main.m in Sources */,
				5EEAD2071B27489C00B440A7 /* CustomViewController.m in Sources */,
			);
			runOnlyForDeploymentPostprocessing = 0;
		};
		5EEAD1F11B27480700B440A7 /* Sources */ = {
			isa = PBXSourcesBuildPhase;
			buildActionMask = 2147483647;
			files = (
				5EEAD1FC1B27480700B440A7 /* AlertAndSheetTests.m in Sources */,
			);
			runOnlyForDeploymentPostprocessing = 0;
		};
/* End PBXSourcesBuildPhase section */

/* Begin PBXTargetDependency section */
		5EEAD1F71B27480700B440A7 /* PBXTargetDependency */ = {
			isa = PBXTargetDependency;
			target = 5EEAD1DB1B27480700B440A7 /* AlertAndSheet */;
			targetProxy = 5EEAD1F61B27480700B440A7 /* PBXContainerItemProxy */;
		};
/* End PBXTargetDependency section */

/* Begin PBXVariantGroup section */
		5EEAD1E91B27480700B440A7 /* Main.storyboard */ = {
			isa = PBXVariantGroup;
			children = (
				5EEAD1EA1B27480700B440A7 /* Base */,
			);
			name = Main.storyboard;
			sourceTree = "<group>";
		};
		5EEAD1EE1B27480700B440A7 /* LaunchScreen.xib */ = {
			isa = PBXVariantGroup;
			children = (
				5EEAD1EF1B27480700B440A7 /* Base */,
			);
			name = LaunchScreen.xib;
			sourceTree = "<group>";
		};
/* End PBXVariantGroup section */

/* Begin XCBuildConfiguration section */
		5EEAD1FD1B27480700B440A7 /* Debug */ = {
			isa = XCBuildConfiguration;
			buildSettings = {
				ALWAYS_SEARCH_USER_PATHS = NO;
				CLANG_CXX_LANGUAGE_STANDARD = "gnu++0x";
				CLANG_CXX_LIBRARY = "libc++";
				CLANG_ENABLE_MODULES = YES;
				CLANG_ENABLE_OBJC_ARC = YES;
				CLANG_WARN_BOOL_CONVERSION = YES;
				CLANG_WARN_CONSTANT_CONVERSION = YES;
				CLANG_WARN_DIRECT_OBJC_ISA_USAGE = YES_ERROR;
				CLANG_WARN_EMPTY_BODY = YES;
				CLANG_WARN_ENUM_CONVERSION = YES;
				CLANG_WARN_INT_CONVERSION = YES;
				CLANG_WARN_OBJC_ROOT_CLASS = YES_ERROR;
				CLANG_WARN_UNREACHABLE_CODE = YES;
				CLANG_WARN__DUPLICATE_METHOD_MATCH = YES;
				"CODE_SIGN_IDENTITY[sdk=iphoneos*]" = "iPhone Developer";
				COPY_PHASE_STRIP = NO;
				DEBUG_INFORMATION_FORMAT = "dwarf-with-dsym";
				ENABLE_STRICT_OBJC_MSGSEND = YES;
				GCC_C_LANGUAGE_STANDARD = gnu99;
				GCC_DYNAMIC_NO_PIC = NO;
				GCC_NO_COMMON_BLOCKS = YES;
				GCC_OPTIMIZATION_LEVEL = 0;
				GCC_PREPROCESSOR_DEFINITIONS = (
					"DEBUG=1",
					"$(inherited)",
				);
				GCC_SYMBOLS_PRIVATE_EXTERN = NO;
				GCC_WARN_64_TO_32_BIT_CONVERSION = YES;
				GCC_WARN_ABOUT_RETURN_TYPE = YES_ERROR;
				GCC_WARN_UNDECLARED_SELECTOR = YES;
				GCC_WARN_UNINITIALIZED_AUTOS = YES_AGGRESSIVE;
				GCC_WARN_UNUSED_FUNCTION = YES;
				GCC_WARN_UNUSED_VARIABLE = YES;
				IPHONEOS_DEPLOYMENT_TARGET = 8.3;
				MTL_ENABLE_DEBUG_INFO = YES;
				ONLY_ACTIVE_ARCH = YES;
				SDKROOT = iphoneos;
			};
			name = Debug;
		};
		5EEAD1FE1B27480700B440A7 /* Release */ = {
			isa = XCBuildConfiguration;
			buildSettings = {
				ALWAYS_SEARCH_USER_PATHS = NO;
				CLANG_CXX_LANGUAGE_STANDARD = "gnu++0x";
				CLANG_CXX_LIBRARY = "libc++";
				CLANG_ENABLE_MODULES = YES;
				CLANG_ENABLE_OBJC_ARC = YES;
				CLANG_WARN_BOOL_CONVERSION = YES;
				CLANG_WARN_CONSTANT_CONVERSION = YES;
				CLANG_WARN_DIRECT_OBJC_ISA_USAGE = YES_ERROR;
				CLANG_WARN_EMPTY_BODY = YES;
				CLANG_WARN_ENUM_CONVERSION = YES;
				CLANG_WARN_INT_CONVERSION = YES;
				CLANG_WARN_OBJC_ROOT_CLASS = YES_ERROR;
				CLANG_WARN_UNREACHABLE_CODE = YES;
				CLANG_WARN__DUPLICATE_METHOD_MATCH = YES;
				"CODE_SIGN_IDENTITY[sdk=iphoneos*]" = "iPhone Developer";
				COPY_PHASE_STRIP = NO;
				DEBUG_INFORMATION_FORMAT = "dwarf-with-dsym";
				ENABLE_NS_ASSERTIONS = NO;
				ENABLE_STRICT_OBJC_MSGSEND = YES;
				GCC_C_LANGUAGE_STANDARD = gnu99;
				GCC_NO_COMMON_BLOCKS = YES;
				GCC_WARN_64_TO_32_BIT_CONVERSION = YES;
				GCC_WARN_ABOUT_RETURN_TYPE = YES_ERROR;
				GCC_WARN_UNDECLARED_SELECTOR = YES;
				GCC_WARN_UNINITIALIZED_AUTOS = YES_AGGRESSIVE;
				GCC_WARN_UNUSED_FUNCTION = YES;
				GCC_WARN_UNUSED_VARIABLE = YES;
				IPHONEOS_DEPLOYMENT_TARGET = 8.3;
				MTL_ENABLE_DEBUG_INFO = NO;
				SDKROOT = iphoneos;
				VALIDATE_PRODUCT = YES;
			};
			name = Release;
		};
		5EEAD2001B27480700B440A7 /* Debug */ = {
			isa = XCBuildConfiguration;
			buildSettings = {
				ASSETCATALOG_COMPILER_APPICON_NAME = AppIcon;
				INFOPLIST_FILE = AlertAndSheet/Info.plist;
				LD_RUNPATH_SEARCH_PATHS = "$(inherited) @executable_path/Frameworks";
				PRODUCT_NAME = "$(TARGET_NAME)";
			};
			name = Debug;
		};
		5EEAD2011B27480700B440A7 /* Release */ = {
			isa = XCBuildConfiguration;
			buildSettings = {
				ASSETCATALOG_COMPILER_APPICON_NAME = AppIcon;
				INFOPLIST_FILE = AlertAndSheet/Info.plist;
				LD_RUNPATH_SEARCH_PATHS = "$(inherited) @executable_path/Frameworks";
				PRODUCT_NAME = "$(TARGET_NAME)";
			};
			name = Release;
		};
		5EEAD2031B27480700B440A7 /* Debug */ = {
			isa = XCBuildConfiguration;
			buildSettings = {
				BUNDLE_LOADER = "$(TEST_HOST)";
				FRAMEWORK_SEARCH_PATHS = (
					"$(SDKROOT)/Developer/Library/Frameworks",
					"$(inherited)",
				);
				GCC_PREPROCESSOR_DEFINITIONS = (
					"DEBUG=1",
					"$(inherited)",
				);
				INFOPLIST_FILE = AlertAndSheetTests/Info.plist;
				LD_RUNPATH_SEARCH_PATHS = "$(inherited) @executable_path/Frameworks @loader_path/Frameworks";
				PRODUCT_NAME = "$(TARGET_NAME)";
				TEST_HOST = "$(BUILT_PRODUCTS_DIR)/AlertAndSheet.app/AlertAndSheet";
			};
			name = Debug;
		};
		5EEAD2041B27480700B440A7 /* Release */ = {
			isa = XCBuildConfiguration;
			buildSettings = {
				BUNDLE_LOADER = "$(TEST_HOST)";
				FRAMEWORK_SEARCH_PATHS = (
					"$(SDKROOT)/Developer/Library/Frameworks",
					"$(inherited)",
				);
				INFOPLIST_FILE = AlertAndSheetTests/Info.plist;
				LD_RUNPATH_SEARCH_PATHS = "$(inherited) @executable_path/Frameworks @loader_path/Frameworks";
				PRODUCT_NAME = "$(TARGET_NAME)";
				TEST_HOST = "$(BUILT_PRODUCTS_DIR)/AlertAndSheet.app/AlertAndSheet";
			};
			name = Release;
		};
/* End XCBuildConfiguration section */

/* Begin XCConfigurationList section */
		5EEAD1D71B27480700B440A7 /* Build configuration list for PBXProject "AlertAndSheet" */ = {
			isa = XCConfigurationList;
			buildConfigurations = (
				5EEAD1FD1B27480700B440A7 /* Debug */,
				5EEAD1FE1B27480700B440A7 /* Release */,
			);
			defaultConfigurationIsVisible = 0;
			defaultConfigurationName = Release;
		};
		5EEAD1FF1B27480700B440A7 /* Build configuration list for PBXNativeTarget "AlertAndSheet" */ = {
			isa = XCConfigurationList;
			buildConfigurations = (
				5EEAD2001B27480700B440A7 /* Debug */,
				5EEAD2011B27480700B440A7 /* Release */,
			);
			defaultConfigurationIsVisible = 0;
			defaultConfigurationName = Release;
		};
		5EEAD2021B27480700B440A7 /* Build configuration list for PBXNativeTarget "AlertAndSheetTests" */ = {
			isa = XCConfigurationList;
			buildConfigurations = (
				5EEAD2031B27480700B440A7 /* Debug */,
				5EEAD2041B27480700B440A7 /* Release */,
			);
			defaultConfigurationIsVisible = 0;
			defaultConfigurationName = Release;
		};
/* End XCConfigurationList section */
	};
	rootObject = 5EEAD1D41B27480700B440A7 /* Project object */;
}
